PODS:
  - GoogleWebRTC (1.1.31999)
  - HMSVideo (0.8.1):
    - GoogleWebRTC (= 1.1.31999)
    - jetfire
  - jetfire (0.1.5)

DEPENDENCIES:
  - HMSVideo (from `../`)

SPEC REPOS:
  trunk:
    - GoogleWebRTC
    - jetfire

EXTERNAL SOURCES:
  HMSVideo:
    :path: "../"

SPEC CHECKSUMS:
  GoogleWebRTC: b39a78c4f5cc6b0323415b9233db03a2faa7b0f0
  HMSVideo: 691efe5d98c439be84d5ce60daaf3d1ea9650a73
  jetfire: 60c16cd6ae0282928e24203eb93f03b89c1929ce

PODFILE CHECKSUM: 8a4763b4adea3ff402ba09ec59344644223a7c21

COCOAPODS: 1.10.0
