// !$*UTF8*$!
{
	archiveVersion = 1;
	classes = {
	};
	objectVersion = 51;
	objects = {

/* Begin PBXBuildFile section */
		0B1674E943863D23D68483DF /* Pods_HMSVideo_Tests.framework in Frameworks */ = {isa = PBXBuildFile; fileRef = 71C1B9C4B1C0291D024D29D7 /* Pods_HMSVideo_Tests.framework */; };
		1EA4F17E1C9A28E1631291A2 /* Pods_HMSVideo_Example.framework in Frameworks */ = {isa = PBXBuildFile; fileRef = 573765C134F99AC8C2132D64 /* Pods_HMSVideo_Example.framework */; };
		607FACDB1AFB9204008FA782 /* Login.storyboard in Resources */ = {isa = PBXBuildFile; fileRef = 607FACD91AFB9204008FA782 /* Login.storyboard */; };
		607FACEC1AFB9204008FA782 /* Tests.swift in Sources */ = {isa = PBXBuildFile; fileRef = 607FACEB1AFB9204008FA782 /* Tests.swift */; };
		EC02581325EB7479001293C2 /* Settings.storyboard in Resources */ = {isa = PBXBuildFile; fileRef = EC02581525EB7479001293C2 /* Settings.storyboard */; };
		EC077CF325EC96090003D320 /* GoogleService-Info.plist in Resources */ = {isa = PBXBuildFile; fileRef = EC077CF225EC96090003D320 /* GoogleService-Info.plist */; };
		EC462C8525E95A0B00BFF07C /* Meeting.storyboard in Resources */ = {isa = PBXBuildFile; fileRef = EC462C8725E95A0B00BFF07C /* Meeting.storyboard */; };
		EC462C9125E95A2800BFF07C /* LoginViewController.swift in Sources */ = {isa = PBXBuildFile; fileRef = EC462C9025E95A2800BFF07C /* LoginViewController.swift */; };
		EC462C9625E95A3200BFF07C /* VideoCollectionViewCell.swift in Sources */ = {isa = PBXBuildFile; fileRef = EC462C9425E95A3200BFF07C /* VideoCollectionViewCell.swift */; };
		EC462C9725E95A3200BFF07C /* MeetingViewController.swift in Sources */ = {isa = PBXBuildFile; fileRef = EC462C9525E95A3200BFF07C /* MeetingViewController.swift */; };
		EC462C9F25E95A4100BFF07C /* AppDelegate.swift in Sources */ = {isa = PBXBuildFile; fileRef = EC462C9C25E95A4100BFF07C /* AppDelegate.swift */; };
		EC462CA025E95A4100BFF07C /* Utilities.swift in Sources */ = {isa = PBXBuildFile; fileRef = EC462C9D25E95A4100BFF07C /* Utilities.swift */; };
		EC462CA125E95A4100BFF07C /* Images.xcassets in Resources */ = {isa = PBXBuildFile; fileRef = EC462C9E25E95A4100BFF07C /* Images.xcassets */; };
		EC462CAE25E9606100BFF07C /* MeetingViewModel.swift in Sources */ = {isa = PBXBuildFile; fileRef = EC462CAD25E9606100BFF07C /* MeetingViewModel.swift */; };
		EC462CB225E9616400BFF07C /* HMSInterface.swift in Sources */ = {isa = PBXBuildFile; fileRef = EC462CB125E9616400BFF07C /* HMSInterface.swift */; };
		EC462CB825E9629700BFF07C /* Constants.swift in Sources */ = {isa = PBXBuildFile; fileRef = EC462CB725E9629700BFF07C /* Constants.swift */; };
		EC8C4ADA25EA4CDF00E90469 /* LaunchScreen.storyboard in Resources */ = {isa = PBXBuildFile; fileRef = EC8C4ADC25EA4CDF00E90469 /* LaunchScreen.storyboard */; };
		EC8E97DA25EBFEC6003A3FCD /* ParticipantsViewController.swift in Sources */ = {isa = PBXBuildFile; fileRef = EC8E97D925EBFEC6003A3FCD /* ParticipantsViewController.swift */; };
		EC8E97E325EBFF16003A3FCD /* Participants.storyboard in Resources */ = {isa = PBXBuildFile; fileRef = EC8E97E525EBFF16003A3FCD /* Participants.storyboard */; };
		ECA9BECC25EB6E3B0095C4FD /* SettingsViewController.swift in Sources */ = {isa = PBXBuildFile; fileRef = ECA9BEC925EB6E3B0095C4FD /* SettingsViewController.swift */; };
		ECE5D2C725ED592200B8D7E4 /* BadgeButton.swift in Sources */ = {isa = PBXBuildFile; fileRef = ECE5D2C625ED592200B8D7E4 /* BadgeButton.swift */; };
		ECF26DA025EBDB5700BFB3B9 /* ChatViewController.swift in Sources */ = {isa = PBXBuildFile; fileRef = ECF26D9F25EBDB5700BFB3B9 /* ChatViewController.swift */; };
		ECF26DA925EBDBC300BFB3B9 /* Chat.storyboard in Resources */ = {isa = PBXBuildFile; fileRef = ECF26DAB25EBDBC300BFB3B9 /* Chat.storyboard */; };
/* End PBXBuildFile section */

/* Begin PBXContainerItemProxy section */
		607FACE61AFB9204008FA782 /* PBXContainerItemProxy */ = {
			isa = PBXContainerItemProxy;
			containerPortal = 607FACC81AFB9204008FA782 /* Project object */;
			proxyType = 1;
			remoteGlobalIDString = 607FACCF1AFB9204008FA782;
			remoteInfo = HMSVideo;
		};
/* End PBXContainerItemProxy section */

/* Begin PBXFileReference section */
		0244AC5843648F6E5DA71878 /* HMSVideo.podspec */ = {isa = PBXFileReference; includeInIndex = 1; lastKnownFileType = text; name = HMSVideo.podspec; path = ../HMSVideo.podspec; sourceTree = "<group>"; xcLanguageSpecificationIdentifier = xcode.lang.ruby; };
		14CAFAB81EB7F870B9E6C3BC /* Pods-HMSVideo_Tests.release.xcconfig */ = {isa = PBXFileReference; includeInIndex = 1; lastKnownFileType = text.xcconfig; name = "Pods-HMSVideo_Tests.release.xcconfig"; path = "Target Support Files/Pods-HMSVideo_Tests/Pods-HMSVideo_Tests.release.xcconfig"; sourceTree = "<group>"; };
		2521E98CB2584195FC9F8014 /* Pods-HMSVideo_Tests.debug.xcconfig */ = {isa = PBXFileReference; includeInIndex = 1; lastKnownFileType = text.xcconfig; name = "Pods-HMSVideo_Tests.debug.xcconfig"; path = "Target Support Files/Pods-HMSVideo_Tests/Pods-HMSVideo_Tests.debug.xcconfig"; sourceTree = "<group>"; };
		368FE729C29E66B75B83DFE0 /* Pods-HMSVideo_Example.debug.xcconfig */ = {isa = PBXFileReference; includeInIndex = 1; lastKnownFileType = text.xcconfig; name = "Pods-HMSVideo_Example.debug.xcconfig"; path = "Target Support Files/Pods-HMSVideo_Example/Pods-HMSVideo_Example.debug.xcconfig"; sourceTree = "<group>"; };
		573765C134F99AC8C2132D64 /* Pods_HMSVideo_Example.framework */ = {isa = PBXFileReference; explicitFileType = wrapper.framework; includeInIndex = 0; path = Pods_HMSVideo_Example.framework; sourceTree = BUILT_PRODUCTS_DIR; };
		607FACD01AFB9204008FA782 /* HMSVideo_Example.app */ = {isa = PBXFileReference; explicitFileType = wrapper.application; includeInIndex = 0; path = HMSVideo_Example.app; sourceTree = BUILT_PRODUCTS_DIR; };
		607FACD41AFB9204008FA782 /* Info.plist */ = {isa = PBXFileReference; lastKnownFileType = text.plist.xml; path = Info.plist; sourceTree = "<group>"; };
		607FACDA1AFB9204008FA782 /* Base */ = {isa = PBXFileReference; lastKnownFileType = file.storyboard; name = Base; path = Base.lproj/Login.storyboard; sourceTree = "<group>"; };
		607FACE51AFB9204008FA782 /* HMSVideo_Tests.xctest */ = {isa = PBXFileReference; explicitFileType = wrapper.cfbundle; includeInIndex = 0; path = HMSVideo_Tests.xctest; sourceTree = BUILT_PRODUCTS_DIR; };
		607FACEA1AFB9204008FA782 /* Info.plist */ = {isa = PBXFileReference; lastKnownFileType = text.plist.xml; path = Info.plist; sourceTree = "<group>"; };
		607FACEB1AFB9204008FA782 /* Tests.swift */ = {isa = PBXFileReference; lastKnownFileType = sourcecode.swift; path = Tests.swift; sourceTree = "<group>"; };
		71C1B9C4B1C0291D024D29D7 /* Pods_HMSVideo_Tests.framework */ = {isa = PBXFileReference; explicitFileType = wrapper.framework; includeInIndex = 0; path = Pods_HMSVideo_Tests.framework; sourceTree = BUILT_PRODUCTS_DIR; };
		9360531DA4B170754E7D94BF /* Pods-HMSVideo_Example.release.xcconfig */ = {isa = PBXFileReference; includeInIndex = 1; lastKnownFileType = text.xcconfig; name = "Pods-HMSVideo_Example.release.xcconfig"; path = "Target Support Files/Pods-HMSVideo_Example/Pods-HMSVideo_Example.release.xcconfig"; sourceTree = "<group>"; };
		BADB1198BD96E24E9BFFB40B /* README.md */ = {isa = PBXFileReference; includeInIndex = 1; lastKnownFileType = net.daringfireball.markdown; name = README.md; path = ../README.md; sourceTree = "<group>"; };
		EC02581425EB7479001293C2 /* Base */ = {isa = PBXFileReference; lastKnownFileType = file.storyboard; name = Base; path = Base.lproj/Settings.storyboard; sourceTree = "<group>"; };
		EC02581925EB747D001293C2 /* en */ = {isa = PBXFileReference; lastKnownFileType = text.plist.strings; name = en; path = en.lproj/Settings.strings; sourceTree = "<group>"; };
		EC077CF225EC96090003D320 /* GoogleService-Info.plist */ = {isa = PBXFileReference; fileEncoding = 4; lastKnownFileType = text.plist.xml; path = "GoogleService-Info.plist"; sourceTree = "<group>"; };
		EC462C8425E95A0600BFF07C /* en */ = {isa = PBXFileReference; lastKnownFileType = text.plist.strings; name = en; path = en.lproj/Login.strings; sourceTree = "<group>"; };
		EC462C8625E95A0B00BFF07C /* Base */ = {isa = PBXFileReference; lastKnownFileType = file.storyboard; name = Base; path = Base.lproj/Meeting.storyboard; sourceTree = "<group>"; };
		EC462C8B25E95A0F00BFF07C /* en */ = {isa = PBXFileReference; lastKnownFileType = text.plist.strings; name = en; path = en.lproj/Meeting.strings; sourceTree = "<group>"; };
		EC462C9025E95A2800BFF07C /* LoginViewController.swift */ = {isa = PBXFileReference; fileEncoding = 4; lastKnownFileType = sourcecode.swift; name = LoginViewController.swift; path = Login/LoginViewController.swift; sourceTree = "<group>"; };
		EC462C9425E95A3200BFF07C /* VideoCollectionViewCell.swift */ = {isa = PBXFileReference; fileEncoding = 4; lastKnownFileType = sourcecode.swift; name = VideoCollectionViewCell.swift; path = Meeting/VideoCollectionViewCell.swift; sourceTree = "<group>"; };
		EC462C9525E95A3200BFF07C /* MeetingViewController.swift */ = {isa = PBXFileReference; fileEncoding = 4; lastKnownFileType = sourcecode.swift; name = MeetingViewController.swift; path = Meeting/MeetingViewController.swift; sourceTree = "<group>"; };
		EC462C9C25E95A4100BFF07C /* AppDelegate.swift */ = {isa = PBXFileReference; fileEncoding = 4; lastKnownFileType = sourcecode.swift; name = AppDelegate.swift; path = "Supporting Files/AppDelegate.swift"; sourceTree = "<group>"; };
		EC462C9D25E95A4100BFF07C /* Utilities.swift */ = {isa = PBXFileReference; fileEncoding = 4; lastKnownFileType = sourcecode.swift; name = Utilities.swift; path = "Supporting Files/Utilities.swift"; sourceTree = "<group>"; };
		EC462C9E25E95A4100BFF07C /* Images.xcassets */ = {isa = PBXFileReference; lastKnownFileType = folder.assetcatalog; name = Images.xcassets; path = "Supporting Files/Images.xcassets"; sourceTree = "<group>"; };
		EC462CA825E95BC100BFF07C /* HMSVideo_Example.entitlements */ = {isa = PBXFileReference; fileEncoding = 4; lastKnownFileType = text.plist.entitlements; name = HMSVideo_Example.entitlements; path = "Supporting Files/HMSVideo_Example.entitlements"; sourceTree = "<group>"; };
		EC462CAD25E9606100BFF07C /* MeetingViewModel.swift */ = {isa = PBXFileReference; lastKnownFileType = sourcecode.swift; name = MeetingViewModel.swift; path = Meeting/MeetingViewModel.swift; sourceTree = "<group>"; };
		EC462CB125E9616400BFF07C /* HMSInterface.swift */ = {isa = PBXFileReference; lastKnownFileType = sourcecode.swift; name = HMSInterface.swift; path = Meeting/HMSInterface.swift; sourceTree = "<group>"; };
		EC462CB725E9629700BFF07C /* Constants.swift */ = {isa = PBXFileReference; lastKnownFileType = sourcecode.swift; name = Constants.swift; path = "Supporting Files/Constants.swift"; sourceTree = "<group>"; };
		EC8C4ADB25EA4CDF00E90469 /* Base */ = {isa = PBXFileReference; lastKnownFileType = file.storyboard; name = Base; path = Base.lproj/LaunchScreen.storyboard; sourceTree = "<group>"; };
		EC8C4AE025EA4CE100E90469 /* en */ = {isa = PBXFileReference; lastKnownFileType = text.plist.strings; name = en; path = en.lproj/LaunchScreen.strings; sourceTree = "<group>"; };
		EC8E97D925EBFEC6003A3FCD /* ParticipantsViewController.swift */ = {isa = PBXFileReference; lastKnownFileType = sourcecode.swift; path = ParticipantsViewController.swift; sourceTree = "<group>"; };
		EC8E97E425EBFF16003A3FCD /* Base */ = {isa = PBXFileReference; lastKnownFileType = file.storyboard; name = Base; path = Base.lproj/Participants.storyboard; sourceTree = "<group>"; };
		EC8E97E925EBFF18003A3FCD /* en */ = {isa = PBXFileReference; lastKnownFileType = text.plist.strings; name = en; path = en.lproj/Participants.strings; sourceTree = "<group>"; };
		ECA9BEC925EB6E3B0095C4FD /* SettingsViewController.swift */ = {isa = PBXFileReference; fileEncoding = 4; lastKnownFileType = sourcecode.swift; path = SettingsViewController.swift; sourceTree = "<group>"; };
		ECDEE42B25E7A6AE00DB468F /* LICENSE */ = {isa = PBXFileReference; lastKnownFileType = text; name = LICENSE; path = ../LICENSE; sourceTree = "<group>"; };
		ECE5D2C625ED592200B8D7E4 /* BadgeButton.swift */ = {isa = PBXFileReference; lastKnownFileType = sourcecode.swift; path = BadgeButton.swift; sourceTree = "<group>"; };
		ECF26D9F25EBDB5700BFB3B9 /* ChatViewController.swift */ = {isa = PBXFileReference; lastKnownFileType = sourcecode.swift; path = ChatViewController.swift; sourceTree = "<group>"; };
		ECF26DAA25EBDBC300BFB3B9 /* Base */ = {isa = PBXFileReference; lastKnownFileType = file.storyboard; name = Base; path = Base.lproj/Chat.storyboard; sourceTree = "<group>"; };
		ECF26DAF25EBDBC500BFB3B9 /* en */ = {isa = PBXFileReference; lastKnownFileType = text.plist.strings; name = en; path = en.lproj/Chat.strings; sourceTree = "<group>"; };
/* End PBXFileReference section */

/* Begin PBXFrameworksBuildPhase section */
		607FACCD1AFB9204008FA782 /* Frameworks */ = {
			isa = PBXFrameworksBuildPhase;
			buildActionMask = 2147483647;
			files = (
				1EA4F17E1C9A28E1631291A2 /* Pods_HMSVideo_Example.framework in Frameworks */,
			);
			runOnlyForDeploymentPostprocessing = 0;
		};
		607FACE21AFB9204008FA782 /* Frameworks */ = {
			isa = PBXFrameworksBuildPhase;
			buildActionMask = 2147483647;
			files = (
				0B1674E943863D23D68483DF /* Pods_HMSVideo_Tests.framework in Frameworks */,
			);
			runOnlyForDeploymentPostprocessing = 0;
		};
/* End PBXFrameworksBuildPhase section */

/* Begin PBXGroup section */
		1041C860E962BA7C1E0CA76C /* Frameworks */ = {
			isa = PBXGroup;
			children = (
				573765C134F99AC8C2132D64 /* Pods_HMSVideo_Example.framework */,
				71C1B9C4B1C0291D024D29D7 /* Pods_HMSVideo_Tests.framework */,
			);
			name = Frameworks;
			sourceTree = "<group>";
		};
		607FACC71AFB9204008FA782 = {
			isa = PBXGroup;
			children = (
				607FACF51AFB993E008FA782 /* Podspec Metadata */,
				607FACD21AFB9204008FA782 /* Example for HMSVideo */,
				607FACE81AFB9204008FA782 /* Tests */,
				607FACD11AFB9204008FA782 /* Products */,
				E7ED908DAB0C4CF7C5F6BE6F /* Pods */,
				1041C860E962BA7C1E0CA76C /* Frameworks */,
			);
			sourceTree = "<group>";
		};
		607FACD11AFB9204008FA782 /* Products */ = {
			isa = PBXGroup;
			children = (
				607FACD01AFB9204008FA782 /* HMSVideo_Example.app */,
				607FACE51AFB9204008FA782 /* HMSVideo_Tests.xctest */,
			);
			name = Products;
			sourceTree = "<group>";
		};
		607FACD21AFB9204008FA782 /* Example for HMSVideo */ = {
			isa = PBXGroup;
			children = (
				ECDEE43325E7A76700DB468F /* Login */,
				ECDEE42C25E7A6C500DB468F /* Meeting */,
				ECA9BEC425EB6E3B0095C4FD /* Settings */,
				607FACD31AFB9204008FA782 /* Supporting Files */,
				EC077CF225EC96090003D320 /* GoogleService-Info.plist */,
			);
			name = "Example for HMSVideo";
			path = HMSVideoExample;
			sourceTree = "<group>";
		};
		607FACD31AFB9204008FA782 /* Supporting Files */ = {
			isa = PBXGroup;
			children = (
				EC462C9C25E95A4100BFF07C /* AppDelegate.swift */,
				EC462CB725E9629700BFF07C /* Constants.swift */,
				EC462C9D25E95A4100BFF07C /* Utilities.swift */,
				EC462C9E25E95A4100BFF07C /* Images.xcassets */,
				607FACD41AFB9204008FA782 /* Info.plist */,
				EC462CA825E95BC100BFF07C /* HMSVideo_Example.entitlements */,
				EC8C4ADC25EA4CDF00E90469 /* LaunchScreen.storyboard */,
			);
			name = "Supporting Files";
			sourceTree = "<group>";
		};
		607FACE81AFB9204008FA782 /* Tests */ = {
			isa = PBXGroup;
			children = (
				607FACEB1AFB9204008FA782 /* Tests.swift */,
				607FACE91AFB9204008FA782 /* Supporting Files */,
			);
			path = Tests;
			sourceTree = "<group>";
		};
		607FACE91AFB9204008FA782 /* Supporting Files */ = {
			isa = PBXGroup;
			children = (
				607FACEA1AFB9204008FA782 /* Info.plist */,
			);
			name = "Supporting Files";
			sourceTree = "<group>";
		};
		607FACF51AFB993E008FA782 /* Podspec Metadata */ = {
			isa = PBXGroup;
			children = (
				0244AC5843648F6E5DA71878 /* HMSVideo.podspec */,
				BADB1198BD96E24E9BFFB40B /* README.md */,
				ECDEE42B25E7A6AE00DB468F /* LICENSE */,
			);
			name = "Podspec Metadata";
			sourceTree = "<group>";
		};
		E7ED908DAB0C4CF7C5F6BE6F /* Pods */ = {
			isa = PBXGroup;
			children = (
				368FE729C29E66B75B83DFE0 /* Pods-HMSVideo_Example.debug.xcconfig */,
				9360531DA4B170754E7D94BF /* Pods-HMSVideo_Example.release.xcconfig */,
				2521E98CB2584195FC9F8014 /* Pods-HMSVideo_Tests.debug.xcconfig */,
				14CAFAB81EB7F870B9E6C3BC /* Pods-HMSVideo_Tests.release.xcconfig */,
			);
			path = Pods;
			sourceTree = "<group>";
		};
		EC8E97D825EBFEB5003A3FCD /* Participants */ = {
			isa = PBXGroup;
			children = (
				EC8E97D925EBFEC6003A3FCD /* ParticipantsViewController.swift */,
				EC8E97E525EBFF16003A3FCD /* Participants.storyboard */,
			);
			name = Participants;
			path = Meeting/Participants;
			sourceTree = "<group>";
		};
		ECA9BEC425EB6E3B0095C4FD /* Settings */ = {
			isa = PBXGroup;
			children = (
				ECA9BEC925EB6E3B0095C4FD /* SettingsViewController.swift */,
				EC02581525EB7479001293C2 /* Settings.storyboard */,
			);
			path = Settings;
			sourceTree = "<group>";
		};
		ECDEE42C25E7A6C500DB468F /* Meeting */ = {
			isa = PBXGroup;
			children = (
				EC462C9525E95A3200BFF07C /* MeetingViewController.swift */,
				EC462CAD25E9606100BFF07C /* MeetingViewModel.swift */,
				EC462CB125E9616400BFF07C /* HMSInterface.swift */,
				EC462C9425E95A3200BFF07C /* VideoCollectionViewCell.swift */,
				EC462C8725E95A0B00BFF07C /* Meeting.storyboard */,
				ECF26D9E25EBDB3200BFB3B9 /* Chat */,
				EC8E97D825EBFEB5003A3FCD /* Participants */,
			);
			name = Meeting;
			sourceTree = "<group>";
		};
		ECDEE43325E7A76700DB468F /* Login */ = {
			isa = PBXGroup;
			children = (
				EC462C9025E95A2800BFF07C /* LoginViewController.swift */,
				607FACD91AFB9204008FA782 /* Login.storyboard */,
			);
			name = Login;
			sourceTree = "<group>";
		};
		ECF26D9E25EBDB3200BFB3B9 /* Chat */ = {
			isa = PBXGroup;
			children = (
				ECF26D9F25EBDB5700BFB3B9 /* ChatViewController.swift */,
				ECF26DAB25EBDBC300BFB3B9 /* Chat.storyboard */,
				ECE5D2C625ED592200B8D7E4 /* BadgeButton.swift */,
			);
			name = Chat;
			path = Meeting/Chat;
			sourceTree = "<group>";
		};
/* End PBXGroup section */

/* Begin PBXNativeTarget section */
		607FACCF1AFB9204008FA782 /* HMSVideo_Example */ = {
			isa = PBXNativeTarget;
			buildConfigurationList = 607FACEF1AFB9204008FA782 /* Build configuration list for PBXNativeTarget "HMSVideo_Example" */;
			buildPhases = (
				8DB70A62722B5F658EC064DE /* [CP] Check Pods Manifest.lock */,
				607FACCC1AFB9204008FA782 /* Sources */,
				607FACCD1AFB9204008FA782 /* Frameworks */,
				607FACCE1AFB9204008FA782 /* Resources */,
				A083901B2A3103E58EAE7EEF /* [CP] Embed Pods Frameworks */,
				ECC8B03E25E948D200792944 /* ShellScript */,
				EC6E6CF625EC9AD60011DC67 /* ShellScript */,
			);
			buildRules = (
			);
			dependencies = (
			);
			name = HMSVideo_Example;
			productName = HMSVideo;
			productReference = 607FACD01AFB9204008FA782 /* HMSVideo_Example.app */;
			productType = "com.apple.product-type.application";
		};
		607FACE41AFB9204008FA782 /* HMSVideo_Tests */ = {
			isa = PBXNativeTarget;
			buildConfigurationList = 607FACF21AFB9204008FA782 /* Build configuration list for PBXNativeTarget "HMSVideo_Tests" */;
			buildPhases = (
				2E158C8A64C6DF508B5F0718 /* [CP] Check Pods Manifest.lock */,
				607FACE11AFB9204008FA782 /* Sources */,
				607FACE21AFB9204008FA782 /* Frameworks */,
				607FACE31AFB9204008FA782 /* Resources */,
			);
			buildRules = (
			);
			dependencies = (
				607FACE71AFB9204008FA782 /* PBXTargetDependency */,
			);
			name = HMSVideo_Tests;
			productName = Tests;
			productReference = 607FACE51AFB9204008FA782 /* HMSVideo_Tests.xctest */;
			productType = "com.apple.product-type.bundle.unit-test";
		};
/* End PBXNativeTarget section */

/* Begin PBXProject section */
		607FACC81AFB9204008FA782 /* Project object */ = {
			isa = PBXProject;
			attributes = {
				LastSwiftUpdateCheck = 0830;
				LastUpgradeCheck = 1240;
				ORGANIZATIONNAME = 100ms;
				TargetAttributes = {
					607FACCF1AFB9204008FA782 = {
						CreatedOnToolsVersion = 6.3.1;
						DevelopmentTeam = 5N85PP82A9;
						LastSwiftMigration = 1160;
						ProvisioningStyle = Automatic;
					};
					607FACE41AFB9204008FA782 = {
						CreatedOnToolsVersion = 6.3.1;
						LastSwiftMigration = 1160;
						TestTargetID = 607FACCF1AFB9204008FA782;
					};
				};
			};
			buildConfigurationList = 607FACCB1AFB9204008FA782 /* Build configuration list for PBXProject "HMSVideoExample" */;
			compatibilityVersion = "Xcode 9.3";
			developmentRegion = en;
			hasScannedForEncodings = 0;
			knownRegions = (
				en,
				Base,
			);
			mainGroup = 607FACC71AFB9204008FA782;
			productRefGroup = 607FACD11AFB9204008FA782 /* Products */;
			projectDirPath = "";
			projectRoot = "";
			targets = (
				607FACCF1AFB9204008FA782 /* HMSVideo_Example */,
				607FACE41AFB9204008FA782 /* HMSVideo_Tests */,
			);
		};
/* End PBXProject section */

/* Begin PBXResourcesBuildPhase section */
		607FACCE1AFB9204008FA782 /* Resources */ = {
			isa = PBXResourcesBuildPhase;
			buildActionMask = 2147483647;
			files = (
				EC8E97E325EBFF16003A3FCD /* Participants.storyboard in Resources */,
				EC077CF325EC96090003D320 /* GoogleService-Info.plist in Resources */,
				ECF26DA925EBDBC300BFB3B9 /* Chat.storyboard in Resources */,
				607FACDB1AFB9204008FA782 /* Login.storyboard in Resources */,
				EC462CA125E95A4100BFF07C /* Images.xcassets in Resources */,
				EC02581325EB7479001293C2 /* Settings.storyboard in Resources */,
				EC8C4ADA25EA4CDF00E90469 /* LaunchScreen.storyboard in Resources */,
				EC462C8525E95A0B00BFF07C /* Meeting.storyboard in Resources */,
			);
			runOnlyForDeploymentPostprocessing = 0;
		};
		607FACE31AFB9204008FA782 /* Resources */ = {
			isa = PBXResourcesBuildPhase;
			buildActionMask = 2147483647;
			files = (
			);
			runOnlyForDeploymentPostprocessing = 0;
		};
/* End PBXResourcesBuildPhase section */

/* Begin PBXShellScriptBuildPhase section */
		2E158C8A64C6DF508B5F0718 /* [CP] Check Pods Manifest.lock */ = {
			isa = PBXShellScriptBuildPhase;
			buildActionMask = 2147483647;
			files = (
			);
			inputFileListPaths = (
			);
			inputPaths = (
				"${PODS_PODFILE_DIR_PATH}/Podfile.lock",
				"${PODS_ROOT}/Manifest.lock",
			);
			name = "[CP] Check Pods Manifest.lock";
			outputFileListPaths = (
			);
			outputPaths = (
				"$(DERIVED_FILE_DIR)/Pods-HMSVideo_Tests-checkManifestLockResult.txt",
			);
			runOnlyForDeploymentPostprocessing = 0;
			shellPath = /bin/sh;
			shellScript = "diff \"${PODS_PODFILE_DIR_PATH}/Podfile.lock\" \"${PODS_ROOT}/Manifest.lock\" > /dev/null\nif [ $? != 0 ] ; then\n    # print error to STDERR\n    echo \"error: The sandbox is not in sync with the Podfile.lock. Run 'pod install' or update your CocoaPods installation.\" >&2\n    exit 1\nfi\n# This output is used by Xcode 'outputs' to avoid re-running this script phase.\necho \"SUCCESS\" > \"${SCRIPT_OUTPUT_FILE_0}\"\n";
			showEnvVarsInLog = 0;
		};
		8DB70A62722B5F658EC064DE /* [CP] Check Pods Manifest.lock */ = {
			isa = PBXShellScriptBuildPhase;
			buildActionMask = 2147483647;
			files = (
			);
			inputFileListPaths = (
			);
			inputPaths = (
				"${PODS_PODFILE_DIR_PATH}/Podfile.lock",
				"${PODS_ROOT}/Manifest.lock",
			);
			name = "[CP] Check Pods Manifest.lock";
			outputFileListPaths = (
			);
			outputPaths = (
				"$(DERIVED_FILE_DIR)/Pods-HMSVideo_Example-checkManifestLockResult.txt",
			);
			runOnlyForDeploymentPostprocessing = 0;
			shellPath = /bin/sh;
			shellScript = "diff \"${PODS_PODFILE_DIR_PATH}/Podfile.lock\" \"${PODS_ROOT}/Manifest.lock\" > /dev/null\nif [ $? != 0 ] ; then\n    # print error to STDERR\n    echo \"error: The sandbox is not in sync with the Podfile.lock. Run 'pod install' or update your CocoaPods installation.\" >&2\n    exit 1\nfi\n# This output is used by Xcode 'outputs' to avoid re-running this script phase.\necho \"SUCCESS\" > \"${SCRIPT_OUTPUT_FILE_0}\"\n";
			showEnvVarsInLog = 0;
		};
		A083901B2A3103E58EAE7EEF /* [CP] Embed Pods Frameworks */ = {
			isa = PBXShellScriptBuildPhase;
			buildActionMask = 2147483647;
			files = (
			);
			inputFileListPaths = (
				"${PODS_ROOT}/Target Support Files/Pods-HMSVideo_Example/Pods-HMSVideo_Example-frameworks-${CONFIGURATION}-input-files.xcfilelist",
			);
			name = "[CP] Embed Pods Frameworks";
			outputFileListPaths = (
				"${PODS_ROOT}/Target Support Files/Pods-HMSVideo_Example/Pods-HMSVideo_Example-frameworks-${CONFIGURATION}-output-files.xcfilelist",
			);
			runOnlyForDeploymentPostprocessing = 0;
			shellPath = /bin/sh;
			shellScript = "\"${PODS_ROOT}/Target Support Files/Pods-HMSVideo_Example/Pods-HMSVideo_Example-frameworks.sh\"\n";
			showEnvVarsInLog = 0;
		};
		EC6E6CF625EC9AD60011DC67 /* ShellScript */ = {
			isa = PBXShellScriptBuildPhase;
			buildActionMask = 2147483647;
			files = (
			);
			inputFileListPaths = (
			);
			inputPaths = (
				"$(SRCROOT)/${DWARF_DSYM_FOLDER_PATH}/${DWARF_DSYM_FILE_NAME}/Contents/Resources/DWARF/${TARGET_NAME}",
				"$(SRCROOT)/$(BUILT_PRODUCTS_DIR)/$(INFOPLIST_PATH)",
			);
			outputFileListPaths = (
			);
			outputPaths = (
			);
			runOnlyForDeploymentPostprocessing = 0;
			shellPath = /bin/sh;
			shellScript = "\"${PODS_ROOT}/FirebaseCrashlytics/run\"\n\n";
		};
		ECC8B03E25E948D200792944 /* ShellScript */ = {
			isa = PBXShellScriptBuildPhase;
			buildActionMask = 2147483647;
			files = (
			);
			inputFileListPaths = (
			);
			inputPaths = (
			);
			outputFileListPaths = (
			);
			outputPaths = (
			);
			runOnlyForDeploymentPostprocessing = 0;
			shellPath = /bin/sh;
			shellScript = "if test -d \"/opt/homebrew/bin/\"; then\n  PATH=\"/opt/homebrew/bin/:${PATH}\"\nfi\n\nexport PATH\n\nif which swiftlint >/dev/null; then\n  swiftlint\nelse\n  echo \"warning: SwiftLint not installed, download from https://github.com/realm/SwiftLint\"\nfi\n";
		};
/* End PBXShellScriptBuildPhase section */

/* Begin PBXSourcesBuildPhase section */
		607FACCC1AFB9204008FA782 /* Sources */ = {
			isa = PBXSourcesBuildPhase;
			buildActionMask = 2147483647;
			files = (
				EC462C9F25E95A4100BFF07C /* AppDelegate.swift in Sources */,
				EC462CB225E9616400BFF07C /* HMSInterface.swift in Sources */,
				EC462C9125E95A2800BFF07C /* LoginViewController.swift in Sources */,
				EC462CAE25E9606100BFF07C /* MeetingViewModel.swift in Sources */,
				EC462C9625E95A3200BFF07C /* VideoCollectionViewCell.swift in Sources */,
				EC462CA025E95A4100BFF07C /* Utilities.swift in Sources */,
				EC8E97DA25EBFEC6003A3FCD /* ParticipantsViewController.swift in Sources */,
				ECE5D2C725ED592200B8D7E4 /* BadgeButton.swift in Sources */,
				EC462C9725E95A3200BFF07C /* MeetingViewController.swift in Sources */,
				EC462CB825E9629700BFF07C /* Constants.swift in Sources */,
				ECF26DA025EBDB5700BFB3B9 /* ChatViewController.swift in Sources */,
				ECA9BECC25EB6E3B0095C4FD /* SettingsViewController.swift in Sources */,
			);
			runOnlyForDeploymentPostprocessing = 0;
		};
		607FACE11AFB9204008FA782 /* Sources */ = {
			isa = PBXSourcesBuildPhase;
			buildActionMask = 2147483647;
			files = (
				607FACEC1AFB9204008FA782 /* Tests.swift in Sources */,
			);
			runOnlyForDeploymentPostprocessing = 0;
		};
/* End PBXSourcesBuildPhase section */

/* Begin PBXTargetDependency section */
		607FACE71AFB9204008FA782 /* PBXTargetDependency */ = {
			isa = PBXTargetDependency;
			target = 607FACCF1AFB9204008FA782 /* HMSVideo_Example */;
			targetProxy = 607FACE61AFB9204008FA782 /* PBXContainerItemProxy */;
		};
/* End PBXTargetDependency section */

/* Begin PBXVariantGroup section */
		607FACD91AFB9204008FA782 /* Login.storyboard */ = {
			isa = PBXVariantGroup;
			children = (
				607FACDA1AFB9204008FA782 /* Base */,
				EC462C8425E95A0600BFF07C /* en */,
			);
			name = Login.storyboard;
			sourceTree = "<group>";
		};
		EC02581525EB7479001293C2 /* Settings.storyboard */ = {
			isa = PBXVariantGroup;
			children = (
				EC02581425EB7479001293C2 /* Base */,
				EC02581925EB747D001293C2 /* en */,
			);
			name = Settings.storyboard;
			sourceTree = "<group>";
		};
		EC462C8725E95A0B00BFF07C /* Meeting.storyboard */ = {
			isa = PBXVariantGroup;
			children = (
				EC462C8625E95A0B00BFF07C /* Base */,
				EC462C8B25E95A0F00BFF07C /* en */,
			);
			name = Meeting.storyboard;
			sourceTree = "<group>";
		};
		EC8C4ADC25EA4CDF00E90469 /* LaunchScreen.storyboard */ = {
			isa = PBXVariantGroup;
			children = (
				EC8C4ADB25EA4CDF00E90469 /* Base */,
				EC8C4AE025EA4CE100E90469 /* en */,
			);
			name = LaunchScreen.storyboard;
			path = "Supporting Files";
			sourceTree = "<group>";
		};
		EC8E97E525EBFF16003A3FCD /* Participants.storyboard */ = {
			isa = PBXVariantGroup;
			children = (
				EC8E97E425EBFF16003A3FCD /* Base */,
				EC8E97E925EBFF18003A3FCD /* en */,
			);
			name = Participants.storyboard;
			sourceTree = "<group>";
		};
		ECF26DAB25EBDBC300BFB3B9 /* Chat.storyboard */ = {
			isa = PBXVariantGroup;
			children = (
				ECF26DAA25EBDBC300BFB3B9 /* Base */,
				ECF26DAF25EBDBC500BFB3B9 /* en */,
			);
			name = Chat.storyboard;
			sourceTree = "<group>";
		};
/* End PBXVariantGroup section */

/* Begin XCBuildConfiguration section */
		607FACED1AFB9204008FA782 /* Debug */ = {
			isa = XCBuildConfiguration;
			buildSettings = {
				ALWAYS_SEARCH_USER_PATHS = NO;
				CLANG_ANALYZER_LOCALIZABILITY_NONLOCALIZED = YES;
				CLANG_CXX_LANGUAGE_STANDARD = "gnu++0x";
				CLANG_CXX_LIBRARY = "libc++";
				CLANG_ENABLE_MODULES = YES;
				CLANG_ENABLE_OBJC_ARC = YES;
				CLANG_WARN_BLOCK_CAPTURE_AUTORELEASING = YES;
				CLANG_WARN_BOOL_CONVERSION = YES;
				CLANG_WARN_COMMA = YES;
				CLANG_WARN_CONSTANT_CONVERSION = YES;
				CLANG_WARN_DEPRECATED_OBJC_IMPLEMENTATIONS = YES;
				CLANG_WARN_DIRECT_OBJC_ISA_USAGE = YES_ERROR;
				CLANG_WARN_EMPTY_BODY = YES;
				CLANG_WARN_ENUM_CONVERSION = YES;
				CLANG_WARN_INFINITE_RECURSION = YES;
				CLANG_WARN_INT_CONVERSION = YES;
				CLANG_WARN_NON_LITERAL_NULL_CONVERSION = YES;
				CLANG_WARN_OBJC_IMPLICIT_RETAIN_SELF = YES;
				CLANG_WARN_OBJC_LITERAL_CONVERSION = YES;
				CLANG_WARN_OBJC_ROOT_CLASS = YES_ERROR;
				CLANG_WARN_QUOTED_INCLUDE_IN_FRAMEWORK_HEADER = YES;
				CLANG_WARN_RANGE_LOOP_ANALYSIS = YES;
				CLANG_WARN_STRICT_PROTOTYPES = YES;
				CLANG_WARN_SUSPICIOUS_MOVE = YES;
				CLANG_WARN_UNREACHABLE_CODE = YES;
				CLANG_WARN__DUPLICATE_METHOD_MATCH = YES;
				"CODE_SIGN_IDENTITY[sdk=iphoneos*]" = "iPhone Developer";
				COPY_PHASE_STRIP = NO;
				DEBUG_INFORMATION_FORMAT = "dwarf-with-dsym";
				ENABLE_BITCODE = NO;
				ENABLE_STRICT_OBJC_MSGSEND = YES;
				ENABLE_TESTABILITY = YES;
				"EXCLUDED_ARCHS[sdk=iphonesimulator*]" = arm64;
				GCC_C_LANGUAGE_STANDARD = gnu99;
				GCC_DYNAMIC_NO_PIC = NO;
				GCC_NO_COMMON_BLOCKS = YES;
				GCC_OPTIMIZATION_LEVEL = 0;
				GCC_PREPROCESSOR_DEFINITIONS = (
					"DEBUG=1",
					"$(inherited)",
				);
				GCC_SYMBOLS_PRIVATE_EXTERN = NO;
				GCC_WARN_64_TO_32_BIT_CONVERSION = YES;
				GCC_WARN_ABOUT_RETURN_TYPE = YES_ERROR;
				GCC_WARN_UNDECLARED_SELECTOR = YES;
				GCC_WARN_UNINITIALIZED_AUTOS = YES_AGGRESSIVE;
				GCC_WARN_UNUSED_FUNCTION = YES;
				GCC_WARN_UNUSED_VARIABLE = YES;
				IPHONEOS_DEPLOYMENT_TARGET = 10.0;
				MTL_ENABLE_DEBUG_INFO = YES;
				ONLY_ACTIVE_ARCH = YES;
				SDKROOT = iphoneos;
				SWIFT_OPTIMIZATION_LEVEL = "-Onone";
			};
			name = Debug;
		};
		607FACEE1AFB9204008FA782 /* Release */ = {
			isa = XCBuildConfiguration;
			buildSettings = {
				ALWAYS_SEARCH_USER_PATHS = NO;
				CLANG_ANALYZER_LOCALIZABILITY_NONLOCALIZED = YES;
				CLANG_CXX_LANGUAGE_STANDARD = "gnu++0x";
				CLANG_CXX_LIBRARY = "libc++";
				CLANG_ENABLE_MODULES = YES;
				CLANG_ENABLE_OBJC_ARC = YES;
				CLANG_WARN_BLOCK_CAPTURE_AUTORELEASING = YES;
				CLANG_WARN_BOOL_CONVERSION = YES;
				CLANG_WARN_COMMA = YES;
				CLANG_WARN_CONSTANT_CONVERSION = YES;
				CLANG_WARN_DEPRECATED_OBJC_IMPLEMENTATIONS = YES;
				CLANG_WARN_DIRECT_OBJC_ISA_USAGE = YES_ERROR;
				CLANG_WARN_EMPTY_BODY = YES;
				CLANG_WARN_ENUM_CONVERSION = YES;
				CLANG_WARN_INFINITE_RECURSION = YES;
				CLANG_WARN_INT_CONVERSION = YES;
				CLANG_WARN_NON_LITERAL_NULL_CONVERSION = YES;
				CLANG_WARN_OBJC_IMPLICIT_RETAIN_SELF = YES;
				CLANG_WARN_OBJC_LITERAL_CONVERSION = YES;
				CLANG_WARN_OBJC_ROOT_CLASS = YES_ERROR;
				CLANG_WARN_QUOTED_INCLUDE_IN_FRAMEWORK_HEADER = YES;
				CLANG_WARN_RANGE_LOOP_ANALYSIS = YES;
				CLANG_WARN_STRICT_PROTOTYPES = YES;
				CLANG_WARN_SUSPICIOUS_MOVE = YES;
				CLANG_WARN_UNREACHABLE_CODE = YES;
				CLANG_WARN__DUPLICATE_METHOD_MATCH = YES;
				"CODE_SIGN_IDENTITY[sdk=iphoneos*]" = "iPhone Developer";
				COPY_PHASE_STRIP = NO;
				DEBUG_INFORMATION_FORMAT = "dwarf-with-dsym";
				ENABLE_BITCODE = NO;
				ENABLE_NS_ASSERTIONS = NO;
				ENABLE_STRICT_OBJC_MSGSEND = YES;
				"EXCLUDED_ARCHS[sdk=iphonesimulator*]" = arm64;
				GCC_C_LANGUAGE_STANDARD = gnu99;
				GCC_NO_COMMON_BLOCKS = YES;
				GCC_WARN_64_TO_32_BIT_CONVERSION = YES;
				GCC_WARN_ABOUT_RETURN_TYPE = YES_ERROR;
				GCC_WARN_UNDECLARED_SELECTOR = YES;
				GCC_WARN_UNINITIALIZED_AUTOS = YES_AGGRESSIVE;
				GCC_WARN_UNUSED_FUNCTION = YES;
				GCC_WARN_UNUSED_VARIABLE = YES;
				IPHONEOS_DEPLOYMENT_TARGET = 10.0;
				MTL_ENABLE_DEBUG_INFO = NO;
				SDKROOT = iphoneos;
				SWIFT_COMPILATION_MODE = wholemodule;
				SWIFT_OPTIMIZATION_LEVEL = "-O";
				VALIDATE_PRODUCT = YES;
			};
			name = Release;
		};
		607FACF01AFB9204008FA782 /* Debug */ = {
			isa = XCBuildConfiguration;
			baseConfigurationReference = 368FE729C29E66B75B83DFE0 /* Pods-HMSVideo_Example.debug.xcconfig */;
			buildSettings = {
				ASSETCATALOG_COMPILER_APPICON_NAME = AppIcon;
				CODE_SIGN_ENTITLEMENTS = "HMSVideoExample/Supporting Files/HMSVideo_Example.entitlements";
				CODE_SIGN_IDENTITY = "Apple Development";
				CODE_SIGN_STYLE = Automatic;
				DEVELOPMENT_TEAM = "";
				ENABLE_BITCODE = NO;
				INFOPLIST_FILE = HMSVideoExample/Info.plist;
				IPHONEOS_DEPLOYMENT_TARGET = 10.0;
				LD_RUNPATH_SEARCH_PATHS = (
					"$(inherited)",
					"@executable_path/Frameworks",
				);
				MODULE_NAME = ExampleApp;
				PRODUCT_BUNDLE_IDENTIFIER = com.yourorg.example;
				PRODUCT_NAME = "$(TARGET_NAME)";
				PROVISIONING_PROFILE_SPECIFIER = "";
				SUPPORTS_MACCATALYST = NO;
				SWIFT_SWIFT3_OBJC_INFERENCE = Default;
				SWIFT_VERSION = 5.0;
				TARGETED_DEVICE_FAMILY = "1,2";
			};
			name = Debug;
		};
		607FACF11AFB9204008FA782 /* Release */ = {
			isa = XCBuildConfiguration;
			baseConfigurationReference = 9360531DA4B170754E7D94BF /* Pods-HMSVideo_Example.release.xcconfig */;
			buildSettings = {
				ASSETCATALOG_COMPILER_APPICON_NAME = AppIcon;
				CODE_SIGN_ENTITLEMENTS = "HMSVideoExample/Supporting Files/HMSVideo_Example.entitlements";
				CODE_SIGN_IDENTITY = "Apple Development";
				CODE_SIGN_STYLE = Automatic;
				DEVELOPMENT_TEAM = "";
				ENABLE_BITCODE = NO;
				INFOPLIST_FILE = HMSVideoExample/Info.plist;
				IPHONEOS_DEPLOYMENT_TARGET = 10.0;
				LD_RUNPATH_SEARCH_PATHS = (
					"$(inherited)",
					"@executable_path/Frameworks",
				);
				MODULE_NAME = ExampleApp;
				PRODUCT_BUNDLE_IDENTIFIER = com.yourorg.example;
				PRODUCT_NAME = "$(TARGET_NAME)";
				PROVISIONING_PROFILE_SPECIFIER = "";
				SUPPORTS_MACCATALYST = NO;
				SWIFT_SWIFT3_OBJC_INFERENCE = Default;
				SWIFT_VERSION = 5.0;
				TARGETED_DEVICE_FAMILY = "1,2";
			};
			name = Release;
		};
		607FACF31AFB9204008FA782 /* Debug */ = {
			isa = XCBuildConfiguration;
			baseConfigurationReference = 2521E98CB2584195FC9F8014 /* Pods-HMSVideo_Tests.debug.xcconfig */;
			buildSettings = {
				FRAMEWORK_SEARCH_PATHS = (
					"$(PLATFORM_DIR)/Developer/Library/Frameworks",
					"$(inherited)",
				);
				GCC_PREPROCESSOR_DEFINITIONS = (
					"DEBUG=1",
					"$(inherited)",
				);
				INFOPLIST_FILE = Tests/Info.plist;
				LD_RUNPATH_SEARCH_PATHS = (
					"$(inherited)",
					"@executable_path/Frameworks",
					"@loader_path/Frameworks",
				);
				PRODUCT_BUNDLE_IDENTIFIER = "org.cocoapods.$(PRODUCT_NAME:rfc1034identifier)";
				PRODUCT_NAME = "$(TARGET_NAME)";
				SWIFT_SWIFT3_OBJC_INFERENCE = Default;
				SWIFT_VERSION = 5.0;
				TEST_HOST = "$(BUILT_PRODUCTS_DIR)/HMSVideo_Example.app/HMSVideo_Example";
			};
			name = Debug;
		};
		607FACF41AFB9204008FA782 /* Release */ = {
			isa = XCBuildConfiguration;
			baseConfigurationReference = 14CAFAB81EB7F870B9E6C3BC /* Pods-HMSVideo_Tests.release.xcconfig */;
			buildSettings = {
				FRAMEWORK_SEARCH_PATHS = (
					"$(PLATFORM_DIR)/Developer/Library/Frameworks",
					"$(inherited)",
				);
				INFOPLIST_FILE = Tests/Info.plist;
				LD_RUNPATH_SEARCH_PATHS = (
					"$(inherited)",
					"@executable_path/Frameworks",
					"@loader_path/Frameworks",
				);
				PRODUCT_BUNDLE_IDENTIFIER = "org.cocoapods.$(PRODUCT_NAME:rfc1034identifier)";
				PRODUCT_NAME = "$(TARGET_NAME)";
				SWIFT_SWIFT3_OBJC_INFERENCE = Default;
				SWIFT_VERSION = 5.0;
				TEST_HOST = "$(BUILT_PRODUCTS_DIR)/HMSVideo_Example.app/HMSVideo_Example";
			};
			name = Release;
		};
/* End XCBuildConfiguration section */

/* Begin XCConfigurationList section */
		607FACCB1AFB9204008FA782 /* Build configuration list for PBXProject "HMSVideoExample" */ = {
			isa = XCConfigurationList;
			buildConfigurations = (
				607FACED1AFB9204008FA782 /* Debug */,
				607FACEE1AFB9204008FA782 /* Release */,
			);
			defaultConfigurationIsVisible = 0;
			defaultConfigurationName = Release;
		};
		607FACEF1AFB9204008FA782 /* Build configuration list for PBXNativeTarget "HMSVideo_Example" */ = {
			isa = XCConfigurationList;
			buildConfigurations = (
				607FACF01AFB9204008FA782 /* Debug */,
				607FACF11AFB9204008FA782 /* Release */,
			);
			defaultConfigurationIsVisible = 0;
			defaultConfigurationName = Release;
		};
		607FACF21AFB9204008FA782 /* Build configuration list for PBXNativeTarget "HMSVideo_Tests" */ = {
			isa = XCConfigurationList;
			buildConfigurations = (
				607FACF31AFB9204008FA782 /* Debug */,
				607FACF41AFB9204008FA782 /* Release */,
			);
			defaultConfigurationIsVisible = 0;
			defaultConfigurationName = Release;
		};
/* End XCConfigurationList section */
	};
	rootObject = 607FACC81AFB9204008FA782 /* Project object */;
}
